
Microsoft Visual Studio Solution File, Format Version 12.00
# Visual Studio Version 16
VisualStudioVersion = 16.0.28803.156
MinimumVisualStudioVersion = 10.0.40219.1
Project("{FAE04EC0-301F-11D3-BF4B-00C04F79EFBC}") = "ngzip", "ngzip\ngzip.csproj", "{464BD89A-3496-4E7D-A843-DD7CBD8C7484}"
EndProject
Global
	GlobalSection(SolutionConfigurationPlatforms) = preSolution
		Debug|Any CPU = Debug|Any CPU
		Release|Any CPU = Release|Any CPU
	EndGlobalSection
	GlobalSection(ProjectConfigurationPlatforms) = postSolution
		{464BD89A-3496-4E7D-A843-DD7CBD8C7484}.Debug|Any CPU.ActiveCfg = Debug|Any CPU
		{464BD89A-3496-4E7D-A843-DD7CBD8C7484}.Debug|Any CPU.Build.0 = Debug|Any CPU
		{464BD89A-3496-4E7D-A843-DD7CBD8C7484}.Release|Any CPU.ActiveCfg = Release|Any CPU
		{464BD89A-3496-4E7D-A843-DD7CBD8C7484}.Release|Any CPU.Build.0 = Release|Any CPU
	EndGlobalSection
	GlobalSection(SolutionProperties) = preSolution
		HideSolutionNode = FALSE
	EndGlobalSection
	GlobalSection(ExtensibilityGlobals) = postSolution
		SolutionGuid = {168F0C06-0E81-49D5-AA7C-CD4A833A0012}
	EndGlobalSection
EndGlobal
